// !$*UTF8*$!
{
	archiveVersion = 1;
	classes = {
	};
	objectVersion = 50;
	objects = {

/* Begin PBXBuildFile section */
		257329BF25F9317E00067FC3 /* AppDelegate.swift in Sources */ = {isa = PBXBuildFile; fileRef = 257329BE25F9317E00067FC3 /* AppDelegate.swift */; };
		257329C125F9317E00067FC3 /* SceneDelegate.swift in Sources */ = {isa = PBXBuildFile; fileRef = 257329C025F9317E00067FC3 /* SceneDelegate.swift */; };
		257329C325F9317E00067FC3 /* MainVC.swift in Sources */ = {isa = PBXBuildFile; fileRef = 257329C225F9317E00067FC3 /* MainVC.swift */; };
		257329C625F9317E00067FC3 /* Main.storyboard in Resources */ = {isa = PBXBuildFile; fileRef = 257329C425F9317E00067FC3 /* Main.storyboard */; };
		257329C825F9318000067FC3 /* Assets.xcassets in Resources */ = {isa = PBXBuildFile; fileRef = 257329C725F9318000067FC3 /* Assets.xcassets */; };
		257329CB25F9318000067FC3 /* LaunchScreen.storyboard in Resources */ = {isa = PBXBuildFile; fileRef = 257329C925F9318000067FC3 /* LaunchScreen.storyboard */; };
		257329D725F9326F00067FC3 /* MainCell.swift in Sources */ = {isa = PBXBuildFile; fileRef = 257329D525F9326F00067FC3 /* MainCell.swift */; };
		257329D825F9326F00067FC3 /* MainCell.xib in Resources */ = {isa = PBXBuildFile; fileRef = 257329D625F9326F00067FC3 /* MainCell.xib */; };
		257329DF25F9369600067FC3 /* SecondVC.swift in Sources */ = {isa = PBXBuildFile; fileRef = 257329DD25F9369600067FC3 /* SecondVC.swift */; };
		257329E025F9369600067FC3 /* SecondVC.xib in Resources */ = {isa = PBXBuildFile; fileRef = 257329DE25F9369600067FC3 /* SecondVC.xib */; };
		257329E325F937E500067FC3 /* SecondCell.swift in Sources */ = {isa = PBXBuildFile; fileRef = 257329E125F937E500067FC3 /* SecondCell.swift */; };
		257329E425F937E500067FC3 /* SecondCell.xib in Resources */ = {isa = PBXBuildFile; fileRef = 257329E225F937E500067FC3 /* SecondCell.xib */; };
		257329E825F93A0900067FC3 /* DataModel.swift in Sources */ = {isa = PBXBuildFile; fileRef = 257329E725F93A0900067FC3 /* DataModel.swift */; };
		257329EA25F93A5A00067FC3 /* NetManager.swift in Sources */ = {isa = PBXBuildFile; fileRef = 257329E925F93A5A00067FC3 /* NetManager.swift */; };
		257329ED25F93CA500067FC3 /* DetailVC.swift in Sources */ = {isa = PBXBuildFile; fileRef = 257329EB25F93CA500067FC3 /* DetailVC.swift */; };
		257329EE25F93CA500067FC3 /* DetailVC.xib in Resources */ = {isa = PBXBuildFile; fileRef = 257329EC25F93CA500067FC3 /* DetailVC.xib */; };
		257329F125F93DD600067FC3 /* WebKit.framework in Frameworks */ = {isa = PBXBuildFile; fileRef = 257329F025F93DD600067FC3 /* WebKit.framework */; };
/* End PBXBuildFile section */

/* Begin PBXFileReference section */
		257329BB25F9317D00067FC3 /* NYTStories.app */ = {isa = PBXFileReference; explicitFileType = wrapper.application; includeInIndex = 0; path = NYTStories.app; sourceTree = BUILT_PRODUCTS_DIR; };
		257329BE25F9317E00067FC3 /* AppDelegate.swift */ = {isa = PBXFileReference; lastKnownFileType = sourcecode.swift; path = AppDelegate.swift; sourceTree = "<group>"; };
		257329C025F9317E00067FC3 /* SceneDelegate.swift */ = {isa = PBXFileReference; lastKnownFileType = sourcecode.swift; path = SceneDelegate.swift; sourceTree = "<group>"; };
		257329C225F9317E00067FC3 /* MainVC.swift */ = {isa = PBXFileReference; lastKnownFileType = sourcecode.swift; path = MainVC.swift; sourceTree = "<group>"; };
		257329C525F9317E00067FC3 /* Base */ = {isa = PBXFileReference; lastKnownFileType = file.storyboard; name = Base; path = Base.lproj/Main.storyboard; sourceTree = "<group>"; };
		257329C725F9318000067FC3 /* Assets.xcassets */ = {isa = PBXFileReference; lastKnownFileType = folder.assetcatalog; path = Assets.xcassets; sourceTree = "<group>"; };
		257329CA25F9318000067FC3 /* Base */ = {isa = PBXFileReference; lastKnownFileType = file.storyboard; name = Base; path = Base.lproj/LaunchScreen.storyboard; sourceTree = "<group>"; };
		257329CC25F9318000067FC3 /* Info.plist */ = {isa = PBXFileReference; lastKnownFileType = text.plist.xml; path = Info.plist; sourceTree = "<group>"; };
		257329D525F9326F00067FC3 /* MainCell.swift */ = {isa = PBXFileReference; lastKnownFileType = sourcecode.swift; path = MainCell.swift; sourceTree = "<group>"; };
		257329D625F9326F00067FC3 /* MainCell.xib */ = {isa = PBXFileReference; lastKnownFileType = file.xib; path = MainCell.xib; sourceTree = "<group>"; };
		257329DD25F9369600067FC3 /* SecondVC.swift */ = {isa = PBXFileReference; lastKnownFileType = sourcecode.swift; path = SecondVC.swift; sourceTree = "<group>"; };
		257329DE25F9369600067FC3 /* SecondVC.xib */ = {isa = PBXFileReference; lastKnownFileType = file.xib; path = SecondVC.xib; sourceTree = "<group>"; };
		257329E125F937E500067FC3 /* SecondCell.swift */ = {isa = PBXFileReference; lastKnownFileType = sourcecode.swift; path = SecondCell.swift; sourceTree = "<group>"; };
		257329E225F937E500067FC3 /* SecondCell.xib */ = {isa = PBXFileReference; lastKnownFileType = file.xib; path = SecondCell.xib; sourceTree = "<group>"; };
		257329E725F93A0900067FC3 /* DataModel.swift */ = {isa = PBXFileReference; lastKnownFileType = sourcecode.swift; path = DataModel.swift; sourceTree = "<group>"; };
		257329E925F93A5A00067FC3 /* NetManager.swift */ = {isa = PBXFileReference; lastKnownFileType = sourcecode.swift; path = NetManager.swift; sourceTree = "<group>"; };
		257329EB25F93CA500067FC3 /* DetailVC.swift */ = {isa = PBXFileReference; lastKnownFileType = sourcecode.swift; path = DetailVC.swift; sourceTree = "<group>"; };
		257329EC25F93CA500067FC3 /* DetailVC.xib */ = {isa = PBXFileReference; lastKnownFileType = file.xib; path = DetailVC.xib; sourceTree = "<group>"; };
		257329F025F93DD600067FC3 /* WebKit.framework */ = {isa = PBXFileReference; lastKnownFileType = wrapper.framework; name = WebKit.framework; path = System/Library/Frameworks/WebKit.framework; sourceTree = SDKROOT; };
/* End PBXFileReference section */

/* Begin PBXFrameworksBuildPhase section */
		257329B825F9317D00067FC3 /* Frameworks */ = {
			isa = PBXFrameworksBuildPhase;
			buildActionMask = 2147483647;
			files = (
				257329F125F93DD600067FC3 /* WebKit.framework in Frameworks */,
			);
			runOnlyForDeploymentPostprocessing = 0;
		};
/* End PBXFrameworksBuildPhase section */

/* Begin PBXGroup section */
		257329B225F9317D00067FC3 = {
			isa = PBXGroup;
			children = (
				257329BD25F9317D00067FC3 /* NYTStories */,
				257329BC25F9317D00067FC3 /* Products */,
				257329EF25F93DD500067FC3 /* Frameworks */,
			);
			sourceTree = "<group>";
		};
		257329BC25F9317D00067FC3 /* Products */ = {
			isa = PBXGroup;
			children = (
				257329BB25F9317D00067FC3 /* NYTStories.app */,
			);
			name = Products;
			sourceTree = "<group>";
		};
		257329BD25F9317D00067FC3 /* NYTStories */ = {
			isa = PBXGroup;
			children = (
				257329BE25F9317E00067FC3 /* AppDelegate.swift */,
				257329C025F9317E00067FC3 /* SceneDelegate.swift */,
				257329E525F939E000067FC3 /* Model */,
				257329E625F939F100067FC3 /* Network */,
				257329D325F9321A00067FC3 /* Views */,
				257329D225F9321100067FC3 /* Controllers */,
				257329C725F9318000067FC3 /* Assets.xcassets */,
				257329C925F9318000067FC3 /* LaunchScreen.storyboard */,
				257329CC25F9318000067FC3 /* Info.plist */,
			);
			path = NYTStories;
			sourceTree = "<group>";
		};
		257329D225F9321100067FC3 /* Controllers */ = {
			isa = PBXGroup;
			children = (
				257329D425F9325400067FC3 /* Cells */,
				257329C225F9317E00067FC3 /* MainVC.swift */,
				257329DD25F9369600067FC3 /* SecondVC.swift */,
				257329EB25F93CA500067FC3 /* DetailVC.swift */,
			);
			path = Controllers;
			sourceTree = "<group>";
		};
		257329D325F9321A00067FC3 /* Views */ = {
			isa = PBXGroup;
			children = (
				257329D925F9327700067FC3 /* Cells */,
				257329C425F9317E00067FC3 /* Main.storyboard */,
				257329DE25F9369600067FC3 /* SecondVC.xib */,
				257329EC25F93CA500067FC3 /* DetailVC.xib */,
			);
			path = Views;
			sourceTree = "<group>";
		};
		257329D425F9325400067FC3 /* Cells */ = {
			isa = PBXGroup;
			children = (
				257329D525F9326F00067FC3 /* MainCell.swift */,
				257329E125F937E500067FC3 /* SecondCell.swift */,
			);
			path = Cells;
			sourceTree = "<group>";
		};
		257329D925F9327700067FC3 /* Cells */ = {
			isa = PBXGroup;
			children = (
				257329D625F9326F00067FC3 /* MainCell.xib */,
				257329E225F937E500067FC3 /* SecondCell.xib */,
			);
			path = Cells;
			sourceTree = "<group>";
		};
		257329E525F939E000067FC3 /* Model */ = {
			isa = PBXGroup;
			children = (
				257329E725F93A0900067FC3 /* DataModel.swift */,
			);
			path = Model;
			sourceTree = "<group>";
		};
		257329E625F939F100067FC3 /* Network */ = {
			isa = PBXGroup;
			children = (
				257329E925F93A5A00067FC3 /* NetManager.swift */,
			);
			path = Network;
			sourceTree = "<group>";
		};
		257329EF25F93DD500067FC3 /* Frameworks */ = {
			isa = PBXGroup;
			children = (
				257329F025F93DD600067FC3 /* WebKit.framework */,
			);
			name = Frameworks;
			sourceTree = "<group>";
		};
/* End PBXGroup section */

/* Begin PBXNativeTarget section */
		257329BA25F9317D00067FC3 /* NYTStories */ = {
			isa = PBXNativeTarget;
			buildConfigurationList = 257329CF25F9318000067FC3 /* Build configuration list for PBXNativeTarget "NYTStories" */;
			buildPhases = (
				257329B725F9317D00067FC3 /* Sources */,
				257329B825F9317D00067FC3 /* Frameworks */,
				257329B925F9317D00067FC3 /* Resources */,
			);
			buildRules = (
			);
			dependencies = (
			);
			name = NYTStories;
			productName = NYTStories;
			productReference = 257329BB25F9317D00067FC3 /* NYTStories.app */;
			productType = "com.apple.product-type.application";
		};
/* End PBXNativeTarget section */

/* Begin PBXProject section */
		257329B325F9317D00067FC3 /* Project object */ = {
			isa = PBXProject;
			attributes = {
				LastSwiftUpdateCheck = 1160;
				LastUpgradeCheck = 1160;
				ORGANIZATIONNAME = Luiza;
				TargetAttributes = {
					257329BA25F9317D00067FC3 = {
						CreatedOnToolsVersion = 11.6;
					};
				};
			};
			buildConfigurationList = 257329B625F9317D00067FC3 /* Build configuration list for PBXProject "NYTStories" */;
			compatibilityVersion = "Xcode 9.3";
			developmentRegion = en;
			hasScannedForEncodings = 0;
			knownRegions = (
				en,
				Base,
			);
			mainGroup = 257329B225F9317D00067FC3;
			productRefGroup = 257329BC25F9317D00067FC3 /* Products */;
			projectDirPath = "";
			projectRoot = "";
			targets = (
				257329BA25F9317D00067FC3 /* NYTStories */,
			);
		};
/* End PBXProject section */

/* Begin PBXResourcesBuildPhase section */
		257329B925F9317D00067FC3 /* Resources */ = {
			isa = PBXResourcesBuildPhase;
			buildActionMask = 2147483647;
			files = (
				257329E025F9369600067FC3 /* SecondVC.xib in Resources */,
				257329E425F937E500067FC3 /* SecondCell.xib in Resources */,
				257329CB25F9318000067FC3 /* LaunchScreen.storyboard in Resources */,
				257329EE25F93CA500067FC3 /* DetailVC.xib in Resources */,
				257329C825F9318000067FC3 /* Assets.xcassets in Resources */,
				257329D825F9326F00067FC3 /* MainCell.xib in Resources */,
				257329C625F9317E00067FC3 /* Main.storyboard in Resources */,
			);
			runOnlyForDeploymentPostprocessing = 0;
		};
/* End PBXResourcesBuildPhase section */

/* Begin PBXSourcesBuildPhase section */
		257329B725F9317D00067FC3 /* Sources */ = {
			isa = PBXSourcesBuildPhase;
			buildActionMask = 2147483647;
			files = (
				257329C325F9317E00067FC3 /* MainVC.swift in Sources */,
				257329E325F937E500067FC3 /* SecondCell.swift in Sources */,
				257329E825F93A0900067FC3 /* DataModel.swift in Sources */,
				257329DF25F9369600067FC3 /* SecondVC.swift in Sources */,
				257329BF25F9317E00067FC3 /* AppDelegate.swift in Sources */,
				257329ED25F93CA500067FC3 /* DetailVC.swift in Sources */,
				257329EA25F93A5A00067FC3 /* NetManager.swift in Sources */,
				257329D725F9326F00067FC3 /* MainCell.swift in Sources */,
				257329C125F9317E00067FC3 /* SceneDelegate.swift in Sources */,
			);
			runOnlyForDeploymentPostprocessing = 0;
		};
/* End PBXSourcesBuildPhase section */

/* Begin PBXVariantGroup section */
		257329C425F9317E00067FC3 /* Main.storyboard */ = {
			isa = PBXVariantGroup;
			children = (
				257329C525F9317E00067FC3 /* Base */,
			);
			name = Main.storyboard;
			sourceTree = "<group>";
		};
		257329C925F9318000067FC3 /* LaunchScreen.storyboard */ = {
			isa = PBXVariantGroup;
			children = (
				257329CA25F9318000067FC3 /* Base */,
			);
			name = LaunchScreen.storyboard;
			sourceTree = "<group>";
		};
/* End PBXVariantGroup section */

/* Begin XCBuildConfiguration section */
		257329CD25F9318000067FC3 /* Debug */ = {
			isa = XCBuildConfiguration;
			buildSettings = {
				ALWAYS_SEARCH_USER_PATHS = NO;
				CLANG_ANALYZER_NONNULL = YES;
				CLANG_ANALYZER_NUMBER_OBJECT_CONVERSION = YES_AGGRESSIVE;
				CLANG_CXX_LANGUAGE_STANDARD = "gnu++14";
				CLANG_CXX_LIBRARY = "libc++";
				CLANG_ENABLE_MODULES = YES;
				CLANG_ENABLE_OBJC_ARC = YES;
				CLANG_ENABLE_OBJC_WEAK = YES;
				CLANG_WARN_BLOCK_CAPTURE_AUTORELEASING = YES;
				CLANG_WARN_BOOL_CONVERSION = YES;
				CLANG_WARN_COMMA = YES;
				CLANG_WARN_CONSTANT_CONVERSION = YES;
				CLANG_WARN_DEPRECATED_OBJC_IMPLEMENTATIONS = YES;
				CLANG_WARN_DIRECT_OBJC_ISA_USAGE = YES_ERROR;
				CLANG_WARN_DOCUMENTATION_COMMENTS = YES;
				CLANG_WARN_EMPTY_BODY = YES;
				CLANG_WARN_ENUM_CONVERSION = YES;
				CLANG_WARN_INFINITE_RECURSION = YES;
				CLANG_WARN_INT_CONVERSION = YES;
				CLANG_WARN_NON_LITERAL_NULL_CONVERSION = YES;
				CLANG_WARN_OBJC_IMPLICIT_RETAIN_SELF = YES;
				CLANG_WARN_OBJC_LITERAL_CONVERSION = YES;
				CLANG_WARN_OBJC_ROOT_CLASS = YES_ERROR;
				CLANG_WARN_RANGE_LOOP_ANALYSIS = YES;
				CLANG_WARN_STRICT_PROTOTYPES = YES;
				CLANG_WARN_SUSPICIOUS_MOVE = YES;
				CLANG_WARN_UNGUARDED_AVAILABILITY = YES_AGGRESSIVE;
				CLANG_WARN_UNREACHABLE_CODE = YES;
				CLANG_WARN__DUPLICATE_METHOD_MATCH = YES;
				COPY_PHASE_STRIP = NO;
				DEBUG_INFORMATION_FORMAT = dwarf;
				ENABLE_STRICT_OBJC_MSGSEND = YES;
				ENABLE_TESTABILITY = YES;
				GCC_C_LANGUAGE_STANDARD = gnu11;
				GCC_DYNAMIC_NO_PIC = NO;
				GCC_NO_COMMON_BLOCKS = YES;
				GCC_OPTIMIZATION_LEVEL = 0;
				GCC_PREPROCESSOR_DEFINITIONS = (
					"DEBUG=1",
					"$(inherited)",
				);
				GCC_WARN_64_TO_32_BIT_CONVERSION = YES;
				GCC_WARN_ABOUT_RETURN_TYPE = YES_ERROR;
				GCC_WARN_UNDECLARED_SELECTOR = YES;
				GCC_WARN_UNINITIALIZED_AUTOS = YES_AGGRESSIVE;
				GCC_WARN_UNUSED_FUNCTION = YES;
				GCC_WARN_UNUSED_VARIABLE = YES;
				IPHONEOS_DEPLOYMENT_TARGET = 13.6;
				MTL_ENABLE_DEBUG_INFO = INCLUDE_SOURCE;
				MTL_FAST_MATH = YES;
				ONLY_ACTIVE_ARCH = YES;
				SDKROOT = iphoneos;
				SWIFT_ACTIVE_COMPILATION_CONDITIONS = DEBUG;
				SWIFT_OPTIMIZATION_LEVEL = "-Onone";
			};
			name = Debug;
		};
		257329CE25F9318000067FC3 /* Release */ = {
			isa = XCBuildConfiguration;
			buildSettings = {
				ALWAYS_SEARCH_USER_PATHS = NO;
				CLANG_ANALYZER_NONNULL = YES;
				CLANG_ANALYZER_NUMBER_OBJECT_CONVERSION = YES_AGGRESSIVE;
				CLANG_CXX_LANGUAGE_STANDARD = "gnu++14";
				CLANG_CXX_LIBRARY = "libc++";
				CLANG_ENABLE_MODULES = YES;
				CLANG_ENABLE_OBJC_ARC = YES;
				CLANG_ENABLE_OBJC_WEAK = YES;
				CLANG_WARN_BLOCK_CAPTURE_AUTORELEASING = YES;
				CLANG_WARN_BOOL_CONVERSION = YES;
				CLANG_WARN_COMMA = YES;
				CLANG_WARN_CONSTANT_CONVERSION = YES;
				CLANG_WARN_DEPRECATED_OBJC_IMPLEMENTATIONS = YES;
				CLANG_WARN_DIRECT_OBJC_ISA_USAGE = YES_ERROR;
				CLANG_WARN_DOCUMENTATION_COMMENTS = YES;
				CLANG_WARN_EMPTY_BODY = YES;
				CLANG_WARN_ENUM_CONVERSION = YES;
				CLANG_WARN_INFINITE_RECURSION = YES;
				CLANG_WARN_INT_CONVERSION = YES;
				CLANG_WARN_NON_LITERAL_NULL_CONVERSION = YES;
				CLANG_WARN_OBJC_IMPLICIT_RETAIN_SELF = YES;
				CLANG_WARN_OBJC_LITERAL_CONVERSION = YES;
				CLANG_WARN_OBJC_ROOT_CLASS = YES_ERROR;
				CLANG_WARN_RANGE_LOOP_ANALYSIS = YES;
				CLANG_WARN_STRICT_PROTOTYPES = YES;
				CLANG_WARN_SUSPICIOUS_MOVE = YES;
				CLANG_WARN_UNGUARDED_AVAILABILITY = YES_AGGRESSIVE;
				CLANG_WARN_UNREACHABLE_CODE = YES;
				CLANG_WARN__DUPLICATE_METHOD_MATCH = YES;
				COPY_PHASE_STRIP = NO;
				DEBUG_INFORMATION_FORMAT = "dwarf-with-dsym";
				ENABLE_NS_ASSERTIONS = NO;
				ENABLE_STRICT_OBJC_MSGSEND = YES;
				GCC_C_LANGUAGE_STANDARD = gnu11;
				GCC_NO_COMMON_BLOCKS = YES;
				GCC_WARN_64_TO_32_BIT_CONVERSION = YES;
				GCC_WARN_ABOUT_RETURN_TYPE = YES_ERROR;
				GCC_WARN_UNDECLARED_SELECTOR = YES;
				GCC_WARN_UNINITIALIZED_AUTOS = YES_AGGRESSIVE;
				GCC_WARN_UNUSED_FUNCTION = YES;
				GCC_WARN_UNUSED_VARIABLE = YES;
				IPHONEOS_DEPLOYMENT_TARGET = 13.6;
				MTL_ENABLE_DEBUG_INFO = NO;
				MTL_FAST_MATH = YES;
				SDKROOT = iphoneos;
				SWIFT_COMPILATION_MODE = wholemodule;
				SWIFT_OPTIMIZATION_LEVEL = "-O";
				VALIDATE_PRODUCT = YES;
			};
			name = Release;
		};
		257329D025F9318000067FC3 /* Debug */ = {
			isa = XCBuildConfiguration;
			buildSettings = {
				ASSETCATALOG_COMPILER_APPICON_NAME = AppIcon;
				CODE_SIGN_STYLE = Automatic;
				DEVELOPMENT_TEAM = K6KHZ5Y2T3;
				INFOPLIST_FILE = NYTStories/Info.plist;
				LD_RUNPATH_SEARCH_PATHS = (
					"$(inherited)",
					"@executable_path/Frameworks",
				);
				PRODUCT_BUNDLE_IDENTIFIER = com.Luiza.NYTStories;
				PRODUCT_NAME = "$(TARGET_NAME)";
				SWIFT_VERSION = 5.0;
				TARGETED_DEVICE_FAMILY = "1,2";
			};
			name = Debug;
		};
		257329D125F9318000067FC3 /* Release */ = {
			isa = XCBuildConfiguration;
			buildSettings = {
				ASSETCATALOG_COMPILER_APPICON_NAME = AppIcon;
				CODE_SIGN_STYLE = Automatic;
				DEVELOPMENT_TEAM = K6KHZ5Y2T3;
				INFOPLIST_FILE = NYTStories/Info.plist;
				LD_RUNPATH_SEARCH_PATHS = (
					"$(inherited)",
					"@executable_path/Frameworks",
				);
				PRODUCT_BUNDLE_IDENTIFIER = com.Luiza.NYTStories;
				PRODUCT_NAME = "$(TARGET_NAME)";
				SWIFT_VERSION = 5.0;
				TARGETED_DEVICE_FAMILY = "1,2";
			};
			name = Release;
		};
/* End XCBuildConfiguration section */

/* Begin XCConfigurationList section */
		257329B625F9317D00067FC3 /* Build configuration list for PBXProject "NYTStories" */ = {
			isa = XCConfigurationList;
			buildConfigurations = (
				257329CD25F9318000067FC3 /* Debug */,
				257329CE25F9318000067FC3 /* Release */,
			);
			defaultConfigurationIsVisible = 0;
			defaultConfigurationName = Release;
		};
		257329CF25F9318000067FC3 /* Build configuration list for PBXNativeTarget "NYTStories" */ = {
			isa = XCConfigurationList;
			buildConfigurations = (
				257329D025F9318000067FC3 /* Debug */,
				257329D125F9318000067FC3 /* Release */,
			);
			defaultConfigurationIsVisible = 0;
			defaultConfigurationName = Release;
		};
/* End XCConfigurationList section */
	};
	rootObject = 257329B325F9317D00067FC3 /* Project object */;
}
